dependencies:
- name: postgresql
  repository: oci://registry-1.docker.io/bitnamicharts
  version: 16.5.1
- name: redis
  repository: oci://registry-1.docker.io/bitnamicharts
  version: 20.11.3
digest: sha256:3b4516dda9c2c6d1503a1654f446633587b325e6daea9c09a8febe6e0edcc1f6
generated: "2025-03-18T10:17:34.241565961+11:00"
