dependencies:
- name: postgresql
  repository: oci://registry-1.docker.io/bitnamicharts
  version: 16.6.3
- name: redis
  repository: oci://registry-1.docker.io/bitnamicharts
  version: 20.11.5
digest: sha256:1faf2836e92de60786135c7e8bd34c92d02bcacadfa79921f1c0a62e4463977e
generated: "2025-04-10T10:33:46.101636104+10:00"
